// !$*UTF8*$!
{
	archiveVersion = 1;
	classes = {
	};
	objectVersion = 55;
	objects = {

/* Begin PBXBuildFile section */
		A216D4D428D3450E0004C8AE /* Location.swift in Sources */ = {isa = PBXBuildFile; fileRef = A216D4D328D3450E0004C8AE /* Location.swift */; };
		A216D4D728D346DF0004C8AE /* LocationsDataService.swift in Sources */ = {isa = PBXBuildFile; fileRef = A216D4D628D346DF0004C8AE /* LocationsDataService.swift */; };
		A216D4D928D347CD0004C8AE /* LocationViews.swift in Sources */ = {isa = PBXBuildFile; fileRef = A216D4D828D347CD0004C8AE /* LocationViews.swift */; };
		A271051128D445C3001F77B9 /* LocationsListView.swift in Sources */ = {isa = PBXBuildFile; fileRef = A271051028D445C3001F77B9 /* LocationsListView.swift */; };
		A271051328D46D82001F77B9 /* LocationPreviewView.swift in Sources */ = {isa = PBXBuildFile; fileRef = A271051228D46D82001F77B9 /* LocationPreviewView.swift */; };
		A271051528D4B15C001F77B9 /* MapPin.swift in Sources */ = {isa = PBXBuildFile; fileRef = A271051428D4B15C001F77B9 /* MapPin.swift */; };
		A271051728D4B9AA001F77B9 /* LocationDetailView.swift in Sources */ = {isa = PBXBuildFile; fileRef = A271051628D4B9AA001F77B9 /* LocationDetailView.swift */; };
		A2C8A0EC28D3498100CE91CC /* Assets.xcassets in Resources */ = {isa = PBXBuildFile; fileRef = A2C8A0EB28D3498100CE91CC /* Assets.xcassets */; };
		A2C8A0EF28D34B2200CE91CC /* Preview Assets.xcassets in Resources */ = {isa = PBXBuildFile; fileRef = A2C8A0EE28D34B2200CE91CC /* Preview Assets.xcassets */; };
		A2C8A0F128D34C7F00CE91CC /* LocationModelView.swift in Sources */ = {isa = PBXBuildFile; fileRef = A2C8A0F028D34C7F00CE91CC /* LocationModelView.swift */; };
		A2E2E3F528D0F9AF004CCABC /* mapAppApp.swift in Sources */ = {isa = PBXBuildFile; fileRef = A2E2E3F428D0F9AF004CCABC /* mapAppApp.swift */; };
		A2E2E3F728D0F9AF004CCABC /* ContentView.swift in Sources */ = {isa = PBXBuildFile; fileRef = A2E2E3F628D0F9AF004CCABC /* ContentView.swift */; };
		A2E2E40628D0F9B1004CCABC /* mapAppTests.swift in Sources */ = {isa = PBXBuildFile; fileRef = A2E2E40528D0F9B1004CCABC /* mapAppTests.swift */; };
		A2E2E41028D0F9B1004CCABC /* mapAppUITests.swift in Sources */ = {isa = PBXBuildFile; fileRef = A2E2E40F28D0F9B1004CCABC /* mapAppUITests.swift */; };
		A2E2E41228D0F9B1004CCABC /* mapAppUITestsLaunchTests.swift in Sources */ = {isa = PBXBuildFile; fileRef = A2E2E41128D0F9B1004CCABC /* mapAppUITestsLaunchTests.swift */; };
/* End PBXBuildFile section */

/* Begin PBXContainerItemProxy section */
		A2E2E40228D0F9B1004CCABC /* PBXContainerItemProxy */ = {
			isa = PBXContainerItemProxy;
			containerPortal = A2E2E3E928D0F9AF004CCABC /* Project object */;
			proxyType = 1;
			remoteGlobalIDString = A2E2E3F028D0F9AF004CCABC;
			remoteInfo = mapApp;
		};
		A2E2E40C28D0F9B1004CCABC /* PBXContainerItemProxy */ = {
			isa = PBXContainerItemProxy;
			containerPortal = A2E2E3E928D0F9AF004CCABC /* Project object */;
			proxyType = 1;
			remoteGlobalIDString = A2E2E3F028D0F9AF004CCABC;
			remoteInfo = mapApp;
		};
/* End PBXContainerItemProxy section */

/* Begin PBXFileReference section */
		A216D4D328D3450E0004C8AE /* Location.swift */ = {isa = PBXFileReference; lastKnownFileType = sourcecode.swift; path = Location.swift; sourceTree = "<group>"; };
		A216D4D628D346DF0004C8AE /* LocationsDataService.swift */ = {isa = PBXFileReference; fileEncoding = 4; lastKnownFileType = sourcecode.swift; path = LocationsDataService.swift; sourceTree = "<group>"; };
		A216D4D828D347CD0004C8AE /* LocationViews.swift */ = {isa = PBXFileReference; lastKnownFileType = sourcecode.swift; path = LocationViews.swift; sourceTree = "<group>"; };
		A271051028D445C3001F77B9 /* LocationsListView.swift */ = {isa = PBXFileReference; lastKnownFileType = sourcecode.swift; path = LocationsListView.swift; sourceTree = "<group>"; };
		A271051228D46D82001F77B9 /* LocationPreviewView.swift */ = {isa = PBXFileReference; lastKnownFileType = sourcecode.swift; path = LocationPreviewView.swift; sourceTree = "<group>"; };
		A271051428D4B15C001F77B9 /* MapPin.swift */ = {isa = PBXFileReference; lastKnownFileType = sourcecode.swift; path = MapPin.swift; sourceTree = "<group>"; };
		A271051628D4B9AA001F77B9 /* LocationDetailView.swift */ = {isa = PBXFileReference; lastKnownFileType = sourcecode.swift; path = LocationDetailView.swift; sourceTree = "<group>"; };
		A2C8A0EB28D3498100CE91CC /* Assets.xcassets */ = {isa = PBXFileReference; lastKnownFileType = folder.assetcatalog; name = Assets.xcassets; path = ../../../../Desktop/Assets.xcassets; sourceTree = "<group>"; };
		A2C8A0EE28D34B2200CE91CC /* Preview Assets.xcassets */ = {isa = PBXFileReference; lastKnownFileType = folder.assetcatalog; path = "Preview Assets.xcassets"; sourceTree = "<group>"; };
		A2C8A0F028D34C7F00CE91CC /* LocationModelView.swift */ = {isa = PBXFileReference; lastKnownFileType = sourcecode.swift; path = LocationModelView.swift; sourceTree = "<group>"; };
		A2E2E3F128D0F9AF004CCABC /* mapApp.app */ = {isa = PBXFileReference; explicitFileType = wrapper.application; includeInIndex = 0; path = mapApp.app; sourceTree = BUILT_PRODUCTS_DIR; };
		A2E2E3F428D0F9AF004CCABC /* mapAppApp.swift */ = {isa = PBXFileReference; lastKnownFileType = sourcecode.swift; path = mapAppApp.swift; sourceTree = "<group>"; };
		A2E2E3F628D0F9AF004CCABC /* ContentView.swift */ = {isa = PBXFileReference; lastKnownFileType = sourcecode.swift; path = ContentView.swift; sourceTree = "<group>"; };
		A2E2E40128D0F9B1004CCABC /* mapAppTests.xctest */ = {isa = PBXFileReference; explicitFileType = wrapper.cfbundle; includeInIndex = 0; path = mapAppTests.xctest; sourceTree = BUILT_PRODUCTS_DIR; };
		A2E2E40528D0F9B1004CCABC /* mapAppTests.swift */ = {isa = PBXFileReference; lastKnownFileType = sourcecode.swift; path = mapAppTests.swift; sourceTree = "<group>"; };
		A2E2E40B28D0F9B1004CCABC /* mapAppUITests.xctest */ = {isa = PBXFileReference; explicitFileType = wrapper.cfbundle; includeInIndex = 0; path = mapAppUITests.xctest; sourceTree = BUILT_PRODUCTS_DIR; };
		A2E2E40F28D0F9B1004CCABC /* mapAppUITests.swift */ = {isa = PBXFileReference; lastKnownFileType = sourcecode.swift; path = mapAppUITests.swift; sourceTree = "<group>"; };
		A2E2E41128D0F9B1004CCABC /* mapAppUITestsLaunchTests.swift */ = {isa = PBXFileReference; lastKnownFileType = sourcecode.swift; path = mapAppUITestsLaunchTests.swift; sourceTree = "<group>"; };
/* End PBXFileReference section */

/* Begin PBXFrameworksBuildPhase section */
		A2E2E3EE28D0F9AF004CCABC /* Frameworks */ = {
			isa = PBXFrameworksBuildPhase;
			buildActionMask = 2147483647;
			files = (
			);
			runOnlyForDeploymentPostprocessing = 0;
		};
		A2E2E3FE28D0F9B1004CCABC /* Frameworks */ = {
			isa = PBXFrameworksBuildPhase;
			buildActionMask = 2147483647;
			files = (
			);
			runOnlyForDeploymentPostprocessing = 0;
		};
		A2E2E40828D0F9B1004CCABC /* Frameworks */ = {
			isa = PBXFrameworksBuildPhase;
			buildActionMask = 2147483647;
			files = (
			);
			runOnlyForDeploymentPostprocessing = 0;
		};
/* End PBXFrameworksBuildPhase section */

/* Begin PBXGroup section */
		A216D4D028D342C90004C8AE /* Models */ = {
			isa = PBXGroup;
			children = (
				A216D4D328D3450E0004C8AE /* Location.swift */,
			);
			path = Models;
			sourceTree = "<group>";
		};
		A216D4D128D342CF0004C8AE /* Views */ = {
			isa = PBXGroup;
			children = (
				A216D4D828D347CD0004C8AE /* LocationViews.swift */,
				A271051028D445C3001F77B9 /* LocationsListView.swift */,
				A271051228D46D82001F77B9 /* LocationPreviewView.swift */,
				A271051428D4B15C001F77B9 /* MapPin.swift */,
				A271051628D4B9AA001F77B9 /* LocationDetailView.swift */,
			);
			path = Views;
			sourceTree = "<group>";
		};
		A216D4D228D342D90004C8AE /* ModelViews */ = {
			isa = PBXGroup;
			children = (
				A2C8A0F028D34C7F00CE91CC /* LocationModelView.swift */,
			);
			path = ModelViews;
			sourceTree = "<group>";
		};
		A216D4D528D346A00004C8AE /* DataServices */ = {
			isa = PBXGroup;
			children = (
				A216D4D628D346DF0004C8AE /* LocationsDataService.swift */,
			);
			path = DataServices;
			sourceTree = "<group>";
		};
		A2C8A0ED28D34AE400CE91CC /* Preview Content */ = {
			isa = PBXGroup;
			children = (
				A2C8A0EE28D34B2200CE91CC /* Preview Assets.xcassets */,
			);
			path = "Preview Content";
			sourceTree = "<group>";
		};
		A2E2E3E828D0F9AF004CCABC = {
			isa = PBXGroup;
			children = (
				A2E2E3F328D0F9AF004CCABC /* mapApp */,
				A2E2E40428D0F9B1004CCABC /* mapAppTests */,
				A2E2E40E28D0F9B1004CCABC /* mapAppUITests */,
				A2E2E3F228D0F9AF004CCABC /* Products */,
			);
			sourceTree = "<group>";
		};
		A2E2E3F228D0F9AF004CCABC /* Products */ = {
			isa = PBXGroup;
			children = (
				A2E2E3F128D0F9AF004CCABC /* mapApp.app */,
				A2E2E40128D0F9B1004CCABC /* mapAppTests.xctest */,
				A2E2E40B28D0F9B1004CCABC /* mapAppUITests.xctest */,
			);
			name = Products;
			sourceTree = "<group>";
		};
		A2E2E3F328D0F9AF004CCABC /* mapApp */ = {
			isa = PBXGroup;
			children = (
				A2E2E3F428D0F9AF004CCABC /* mapAppApp.swift */,
				A2E2E3F628D0F9AF004CCABC /* ContentView.swift */,
				A216D4D528D346A00004C8AE /* DataServices */,
				A216D4D128D342CF0004C8AE /* Views */,
				A216D4D228D342D90004C8AE /* ModelViews */,
				A216D4D028D342C90004C8AE /* Models */,
				A2C8A0EB28D3498100CE91CC /* Assets.xcassets */,
				A2C8A0ED28D34AE400CE91CC /* Preview Content */,
			);
			path = mapApp;
			sourceTree = "<group>";
		};
		A2E2E40428D0F9B1004CCABC /* mapAppTests */ = {
			isa = PBXGroup;
			children = (
				A2E2E40528D0F9B1004CCABC /* mapAppTests.swift */,
			);
			path = mapAppTests;
			sourceTree = "<group>";
		};
		A2E2E40E28D0F9B1004CCABC /* mapAppUITests */ = {
			isa = PBXGroup;
			children = (
				A2E2E40F28D0F9B1004CCABC /* mapAppUITests.swift */,
				A2E2E41128D0F9B1004CCABC /* mapAppUITestsLaunchTests.swift */,
			);
			path = mapAppUITests;
			sourceTree = "<group>";
		};
/* End PBXGroup section */

/* Begin PBXNativeTarget section */
		A2E2E3F028D0F9AF004CCABC /* mapApp */ = {
			isa = PBXNativeTarget;
			buildConfigurationList = A2E2E41528D0F9B1004CCABC /* Build configuration list for PBXNativeTarget "mapApp" */;
			buildPhases = (
				A2E2E3ED28D0F9AF004CCABC /* Sources */,
				A2E2E3EE28D0F9AF004CCABC /* Frameworks */,
				A2E2E3EF28D0F9AF004CCABC /* Resources */,
			);
			buildRules = (
			);
			dependencies = (
			);
			name = mapApp;
			productName = mapApp;
			productReference = A2E2E3F128D0F9AF004CCABC /* mapApp.app */;
			productType = "com.apple.product-type.application";
		};
		A2E2E40028D0F9B1004CCABC /* mapAppTests */ = {
			isa = PBXNativeTarget;
			buildConfigurationList = A2E2E41828D0F9B1004CCABC /* Build configuration list for PBXNativeTarget "mapAppTests" */;
			buildPhases = (
				A2E2E3FD28D0F9B1004CCABC /* Sources */,
				A2E2E3FE28D0F9B1004CCABC /* Frameworks */,
				A2E2E3FF28D0F9B1004CCABC /* Resources */,
			);
			buildRules = (
			);
			dependencies = (
				A2E2E40328D0F9B1004CCABC /* PBXTargetDependency */,
			);
			name = mapAppTests;
			productName = mapAppTests;
			productReference = A2E2E40128D0F9B1004CCABC /* mapAppTests.xctest */;
			productType = "com.apple.product-type.bundle.unit-test";
		};
		A2E2E40A28D0F9B1004CCABC /* mapAppUITests */ = {
			isa = PBXNativeTarget;
			buildConfigurationList = A2E2E41B28D0F9B1004CCABC /* Build configuration list for PBXNativeTarget "mapAppUITests" */;
			buildPhases = (
				A2E2E40728D0F9B1004CCABC /* Sources */,
				A2E2E40828D0F9B1004CCABC /* Frameworks */,
				A2E2E40928D0F9B1004CCABC /* Resources */,
			);
			buildRules = (
			);
			dependencies = (
				A2E2E40D28D0F9B1004CCABC /* PBXTargetDependency */,
			);
			name = mapAppUITests;
			productName = mapAppUITests;
			productReference = A2E2E40B28D0F9B1004CCABC /* mapAppUITests.xctest */;
			productType = "com.apple.product-type.bundle.ui-testing";
		};
/* End PBXNativeTarget section */

/* Begin PBXProject section */
		A2E2E3E928D0F9AF004CCABC /* Project object */ = {
			isa = PBXProject;
			attributes = {
				BuildIndependentTargetsInParallel = 1;
				LastSwiftUpdateCheck = 1340;
				LastUpgradeCheck = 1340;
				TargetAttributes = {
					A2E2E3F028D0F9AF004CCABC = {
						CreatedOnToolsVersion = 13.4.1;
					};
					A2E2E40028D0F9B1004CCABC = {
						CreatedOnToolsVersion = 13.4.1;
						TestTargetID = A2E2E3F028D0F9AF004CCABC;
					};
					A2E2E40A28D0F9B1004CCABC = {
						CreatedOnToolsVersion = 13.4.1;
						TestTargetID = A2E2E3F028D0F9AF004CCABC;
					};
				};
			};
			buildConfigurationList = A2E2E3EC28D0F9AF004CCABC /* Build configuration list for PBXProject "mapApp" */;
			compatibilityVersion = "Xcode 13.0";
			developmentRegion = en;
			hasScannedForEncodings = 0;
			knownRegions = (
				en,
				Base,
			);
			mainGroup = A2E2E3E828D0F9AF004CCABC;
			productRefGroup = A2E2E3F228D0F9AF004CCABC /* Products */;
			projectDirPath = "";
			projectRoot = "";
			targets = (
				A2E2E3F028D0F9AF004CCABC /* mapApp */,
				A2E2E40028D0F9B1004CCABC /* mapAppTests */,
				A2E2E40A28D0F9B1004CCABC /* mapAppUITests */,
			);
		};
/* End PBXProject section */

/* Begin PBXResourcesBuildPhase section */
		A2E2E3EF28D0F9AF004CCABC /* Resources */ = {
			isa = PBXResourcesBuildPhase;
			buildActionMask = 2147483647;
			files = (
				A2C8A0EF28D34B2200CE91CC /* Preview Assets.xcassets in Resources */,
				A2C8A0EC28D3498100CE91CC /* Assets.xcassets in Resources */,
			);
			runOnlyForDeploymentPostprocessing = 0;
		};
		A2E2E3FF28D0F9B1004CCABC /* Resources */ = {
			isa = PBXResourcesBuildPhase;
			buildActionMask = 2147483647;
			files = (
			);
			runOnlyForDeploymentPostprocessing = 0;
		};
		A2E2E40928D0F9B1004CCABC /* Resources */ = {
			isa = PBXResourcesBuildPhase;
			buildActionMask = 2147483647;
			files = (
			);
			runOnlyForDeploymentPostprocessing = 0;
		};
/* End PBXResourcesBuildPhase section */

/* Begin PBXSourcesBuildPhase section */
		A2E2E3ED28D0F9AF004CCABC /* Sources */ = {
			isa = PBXSourcesBuildPhase;
			buildActionMask = 2147483647;
			files = (
				A216D4D728D346DF0004C8AE /* LocationsDataService.swift in Sources */,
				A271051128D445C3001F77B9 /* LocationsListView.swift in Sources */,
				A271051328D46D82001F77B9 /* LocationPreviewView.swift in Sources */,
				A271051528D4B15C001F77B9 /* MapPin.swift in Sources */,
				A2C8A0F128D34C7F00CE91CC /* LocationModelView.swift in Sources */,
				A2E2E3F728D0F9AF004CCABC /* ContentView.swift in Sources */,
				A216D4D428D3450E0004C8AE /* Location.swift in Sources */,
				A2E2E3F528D0F9AF004CCABC /* mapAppApp.swift in Sources */,
				A271051728D4B9AA001F77B9 /* LocationDetailView.swift in Sources */,
				A216D4D928D347CD0004C8AE /* LocationViews.swift in Sources */,
			);
			runOnlyForDeploymentPostprocessing = 0;
		};
		A2E2E3FD28D0F9B1004CCABC /* Sources */ = {
			isa = PBXSourcesBuildPhase;
			buildActionMask = 2147483647;
			files = (
				A2E2E40628D0F9B1004CCABC /* mapAppTests.swift in Sources */,
			);
			runOnlyForDeploymentPostprocessing = 0;
		};
		A2E2E40728D0F9B1004CCABC /* Sources */ = {
			isa = PBXSourcesBuildPhase;
			buildActionMask = 2147483647;
			files = (
				A2E2E41028D0F9B1004CCABC /* mapAppUITests.swift in Sources */,
				A2E2E41228D0F9B1004CCABC /* mapAppUITestsLaunchTests.swift in Sources */,
			);
			runOnlyForDeploymentPostprocessing = 0;
		};
/* End PBXSourcesBuildPhase section */

/* Begin PBXTargetDependency section */
		A2E2E40328D0F9B1004CCABC /* PBXTargetDependency */ = {
			isa = PBXTargetDependency;
			target = A2E2E3F028D0F9AF004CCABC /* mapApp */;
			targetProxy = A2E2E40228D0F9B1004CCABC /* PBXContainerItemProxy */;
		};
		A2E2E40D28D0F9B1004CCABC /* PBXTargetDependency */ = {
			isa = PBXTargetDependency;
			target = A2E2E3F028D0F9AF004CCABC /* mapApp */;
			targetProxy = A2E2E40C28D0F9B1004CCABC /* PBXContainerItemProxy */;
		};
/* End PBXTargetDependency section */

/* Begin XCBuildConfiguration section */
		A2E2E41328D0F9B1004CCABC /* Debug */ = {
			isa = XCBuildConfiguration;
			buildSettings = {
				ALWAYS_SEARCH_USER_PATHS = NO;
				CLANG_ANALYZER_NONNULL = YES;
				CLANG_ANALYZER_NUMBER_OBJECT_CONVERSION = YES_AGGRESSIVE;
				CLANG_CXX_LANGUAGE_STANDARD = "gnu++17";
				CLANG_ENABLE_MODULES = YES;
				CLANG_ENABLE_OBJC_ARC = YES;
				CLANG_ENABLE_OBJC_WEAK = YES;
				CLANG_WARN_BLOCK_CAPTURE_AUTORELEASING = YES;
				CLANG_WARN_BOOL_CONVERSION = YES;
				CLANG_WARN_COMMA = YES;
				CLANG_WARN_CONSTANT_CONVERSION = YES;
				CLANG_WARN_DEPRECATED_OBJC_IMPLEMENTATIONS = YES;
				CLANG_WARN_DIRECT_OBJC_ISA_USAGE = YES_ERROR;
				CLANG_WARN_DOCUMENTATION_COMMENTS = YES;
				CLANG_WARN_EMPTY_BODY = YES;
				CLANG_WARN_ENUM_CONVERSION = YES;
				CLANG_WARN_INFINITE_RECURSION = YES;
				CLANG_WARN_INT_CONVERSION = YES;
				CLANG_WARN_NON_LITERAL_NULL_CONVERSION = YES;
				CLANG_WARN_OBJC_IMPLICIT_RETAIN_SELF = YES;
				CLANG_WARN_OBJC_LITERAL_CONVERSION = YES;
				CLANG_WARN_OBJC_ROOT_CLASS = YES_ERROR;
				CLANG_WARN_QUOTED_INCLUDE_IN_FRAMEWORK_HEADER = YES;
				CLANG_WARN_RANGE_LOOP_ANALYSIS = YES;
				CLANG_WARN_STRICT_PROTOTYPES = YES;
				CLANG_WARN_SUSPICIOUS_MOVE = YES;
				CLANG_WARN_UNGUARDED_AVAILABILITY = YES_AGGRESSIVE;
				CLANG_WARN_UNREACHABLE_CODE = YES;
				CLANG_WARN__DUPLICATE_METHOD_MATCH = YES;
				COPY_PHASE_STRIP = NO;
				DEBUG_INFORMATION_FORMAT = dwarf;
				ENABLE_STRICT_OBJC_MSGSEND = YES;
				ENABLE_TESTABILITY = YES;
				GCC_C_LANGUAGE_STANDARD = gnu11;
				GCC_DYNAMIC_NO_PIC = NO;
				GCC_NO_COMMON_BLOCKS = YES;
				GCC_OPTIMIZATION_LEVEL = 0;
				GCC_PREPROCESSOR_DEFINITIONS = (
					"DEBUG=1",
					"$(inherited)",
				);
				GCC_WARN_64_TO_32_BIT_CONVERSION = YES;
				GCC_WARN_ABOUT_RETURN_TYPE = YES_ERROR;
				GCC_WARN_UNDECLARED_SELECTOR = YES;
				GCC_WARN_UNINITIALIZED_AUTOS = YES_AGGRESSIVE;
				GCC_WARN_UNUSED_FUNCTION = YES;
				GCC_WARN_UNUSED_VARIABLE = YES;
				IPHONEOS_DEPLOYMENT_TARGET = 15.5;
				MTL_ENABLE_DEBUG_INFO = INCLUDE_SOURCE;
				MTL_FAST_MATH = YES;
				ONLY_ACTIVE_ARCH = YES;
				SDKROOT = iphoneos;
				SWIFT_ACTIVE_COMPILATION_CONDITIONS = DEBUG;
				SWIFT_OPTIMIZATION_LEVEL = "-Onone";
			};
			name = Debug;
		};
		A2E2E41428D0F9B1004CCABC /* Release */ = {
			isa = XCBuildConfiguration;
			buildSettings = {
				ALWAYS_SEARCH_USER_PATHS = NO;
				CLANG_ANALYZER_NONNULL = YES;
				CLANG_ANALYZER_NUMBER_OBJECT_CONVERSION = YES_AGGRESSIVE;
				CLANG_CXX_LANGUAGE_STANDARD = "gnu++17";
				CLANG_ENABLE_MODULES = YES;
				CLANG_ENABLE_OBJC_ARC = YES;
				CLANG_ENABLE_OBJC_WEAK = YES;
				CLANG_WARN_BLOCK_CAPTURE_AUTORELEASING = YES;
				CLANG_WARN_BOOL_CONVERSION = YES;
				CLANG_WARN_COMMA = YES;
				CLANG_WARN_CONSTANT_CONVERSION = YES;
				CLANG_WARN_DEPRECATED_OBJC_IMPLEMENTATIONS = YES;
				CLANG_WARN_DIRECT_OBJC_ISA_USAGE = YES_ERROR;
				CLANG_WARN_DOCUMENTATION_COMMENTS = YES;
				CLANG_WARN_EMPTY_BODY = YES;
				CLANG_WARN_ENUM_CONVERSION = YES;
				CLANG_WARN_INFINITE_RECURSION = YES;
				CLANG_WARN_INT_CONVERSION = YES;
				CLANG_WARN_NON_LITERAL_NULL_CONVERSION = YES;
				CLANG_WARN_OBJC_IMPLICIT_RETAIN_SELF = YES;
				CLANG_WARN_OBJC_LITERAL_CONVERSION = YES;
				CLANG_WARN_OBJC_ROOT_CLASS = YES_ERROR;
				CLANG_WARN_QUOTED_INCLUDE_IN_FRAMEWORK_HEADER = YES;
				CLANG_WARN_RANGE_LOOP_ANALYSIS = YES;
				CLANG_WARN_STRICT_PROTOTYPES = YES;
				CLANG_WARN_SUSPICIOUS_MOVE = YES;
				CLANG_WARN_UNGUARDED_AVAILABILITY = YES_AGGRESSIVE;
				CLANG_WARN_UNREACHABLE_CODE = YES;
				CLANG_WARN__DUPLICATE_METHOD_MATCH = YES;
				COPY_PHASE_STRIP = NO;
				DEBUG_INFORMATION_FORMAT = "dwarf-with-dsym";
				ENABLE_NS_ASSERTIONS = NO;
				ENABLE_STRICT_OBJC_MSGSEND = YES;
				GCC_C_LANGUAGE_STANDARD = gnu11;
				GCC_NO_COMMON_BLOCKS = YES;
				GCC_WARN_64_TO_32_BIT_CONVERSION = YES;
				GCC_WARN_ABOUT_RETURN_TYPE = YES_ERROR;
				GCC_WARN_UNDECLARED_SELECTOR = YES;
				GCC_WARN_UNINITIALIZED_AUTOS = YES_AGGRESSIVE;
				GCC_WARN_UNUSED_FUNCTION = YES;
				GCC_WARN_UNUSED_VARIABLE = YES;
				IPHONEOS_DEPLOYMENT_TARGET = 15.5;
				MTL_ENABLE_DEBUG_INFO = NO;
				MTL_FAST_MATH = YES;
				SDKROOT = iphoneos;
				SWIFT_COMPILATION_MODE = wholemodule;
				SWIFT_OPTIMIZATION_LEVEL = "-O";
				VALIDATE_PRODUCT = YES;
			};
			name = Release;
		};
		A2E2E41628D0F9B1004CCABC /* Debug */ = {
			isa = XCBuildConfiguration;
			buildSettings = {
				ASSETCATALOG_COMPILER_APPICON_NAME = AppIcon;
				ASSETCATALOG_COMPILER_GLOBAL_ACCENT_COLOR_NAME = AccentColor;
				CODE_SIGN_STYLE = Automatic;
				CURRENT_PROJECT_VERSION = 1;
				DEVELOPMENT_ASSET_PATHS = "\"mapApp/Preview Content\"";
				ENABLE_PREVIEWS = YES;
				GENERATE_INFOPLIST_FILE = YES;
				INFOPLIST_KEY_UIApplicationSceneManifest_Generation = YES;
				INFOPLIST_KEY_UIApplicationSupportsIndirectInputEvents = YES;
				INFOPLIST_KEY_UILaunchScreen_Generation = YES;
				INFOPLIST_KEY_UISupportedInterfaceOrientations_iPad = "UIInterfaceOrientationPortrait UIInterfaceOrientationPortraitUpsideDown UIInterfaceOrientationLandscapeLeft UIInterfaceOrientationLandscapeRight";
				INFOPLIST_KEY_UISupportedInterfaceOrientations_iPhone = "UIInterfaceOrientationPortrait UIInterfaceOrientationLandscapeLeft UIInterfaceOrientationLandscapeRight";
				LD_RUNPATH_SEARCH_PATHS = (
					"$(inherited)",
					"@executable_path/Frameworks",
				);
				MARKETING_VERSION = 1.0;
				PRODUCT_BUNDLE_IDENTIFIER = Individual.mapApp;
				PRODUCT_NAME = "$(TARGET_NAME)";
				SWIFT_EMIT_LOC_STRINGS = YES;
				SWIFT_VERSION = 5.0;
				TARGETED_DEVICE_FAMILY = "1,2";
			};
			name = Debug;
		};
		A2E2E41728D0F9B1004CCABC /* Release */ = {
			isa = XCBuildConfiguration;
			buildSettings = {
				ASSETCATALOG_COMPILER_APPICON_NAME = AppIcon;
				ASSETCATALOG_COMPILER_GLOBAL_ACCENT_COLOR_NAME = AccentColor;
				CODE_SIGN_STYLE = Automatic;
				CURRENT_PROJECT_VERSION = 1;
				DEVELOPMENT_ASSET_PATHS = "\"mapApp/Preview Content\"";
				ENABLE_PREVIEWS = YES;
				GENERATE_INFOPLIST_FILE = YES;
				INFOPLIST_KEY_UIApplicationSceneManifest_Generation = YES;
				INFOPLIST_KEY_UIApplicationSupportsIndirectInputEvents = YES;
				INFOPLIST_KEY_UILaunchScreen_Generation = YES;
				INFOPLIST_KEY_UISupportedInterfaceOrientations_iPad = "UIInterfaceOrientationPortrait UIInterfaceOrientationPortraitUpsideDown UIInterfaceOrientationLandscapeLeft UIInterfaceOrientationLandscapeRight";
				INFOPLIST_KEY_UISupportedInterfaceOrientations_iPhone = "UIInterfaceOrientationPortrait UIInterfaceOrientationLandscapeLeft UIInterfaceOrientationLandscapeRight";
				LD_RUNPATH_SEARCH_PATHS = (
					"$(inherited)",
					"@executable_path/Frameworks",
				);
				MARKETING_VERSION = 1.0;
				PRODUCT_BUNDLE_IDENTIFIER = Individual.mapApp;
				PRODUCT_NAME = "$(TARGET_NAME)";
				SWIFT_EMIT_LOC_STRINGS = YES;
				SWIFT_VERSION = 5.0;
				TARGETED_DEVICE_FAMILY = "1,2";
			};
			name = Release;
		};
		A2E2E41928D0F9B1004CCABC /* Debug */ = {
			isa = XCBuildConfiguration;
			buildSettings = {
				ALWAYS_EMBED_SWIFT_STANDARD_LIBRARIES = YES;
				BUNDLE_LOADER = "$(TEST_HOST)";
				CODE_SIGN_STYLE = Automatic;
				CURRENT_PROJECT_VERSION = 1;
				GENERATE_INFOPLIST_FILE = YES;
				IPHONEOS_DEPLOYMENT_TARGET = 15.5;
				MARKETING_VERSION = 1.0;
				PRODUCT_BUNDLE_IDENTIFIER = Individual.mapAppTests;
				PRODUCT_NAME = "$(TARGET_NAME)";
				SWIFT_EMIT_LOC_STRINGS = NO;
				SWIFT_VERSION = 5.0;
				TARGETED_DEVICE_FAMILY = "1,2";
				TEST_HOST = "$(BUILT_PRODUCTS_DIR)/mapApp.app/mapApp";
			};
			name = Debug;
		};
		A2E2E41A28D0F9B1004CCABC /* Release */ = {
			isa = XCBuildConfiguration;
			buildSettings = {
				ALWAYS_EMBED_SWIFT_STANDARD_LIBRARIES = YES;
				BUNDLE_LOADER = "$(TEST_HOST)";
				CODE_SIGN_STYLE = Automatic;
				CURRENT_PROJECT_VERSION = 1;
				GENERATE_INFOPLIST_FILE = YES;
				IPHONEOS_DEPLOYMENT_TARGET = 15.5;
				MARKETING_VERSION = 1.0;
				PRODUCT_BUNDLE_IDENTIFIER = Individual.mapAppTests;
				PRODUCT_NAME = "$(TARGET_NAME)";
				SWIFT_EMIT_LOC_STRINGS = NO;
				SWIFT_VERSION = 5.0;
				TARGETED_DEVICE_FAMILY = "1,2";
				TEST_HOST = "$(BUILT_PRODUCTS_DIR)/mapApp.app/mapApp";
			};
			name = Release;
		};
		A2E2E41C28D0F9B1004CCABC /* Debug */ = {
			isa = XCBuildConfiguration;
			buildSettings = {
				ALWAYS_EMBED_SWIFT_STANDARD_LIBRARIES = YES;
				CODE_SIGN_STYLE = Automatic;
				CURRENT_PROJECT_VERSION = 1;
				GENERATE_INFOPLIST_FILE = YES;
				MARKETING_VERSION = 1.0;
				PRODUCT_BUNDLE_IDENTIFIER = Individual.mapAppUITests;
				PRODUCT_NAME = "$(TARGET_NAME)";
				SWIFT_EMIT_LOC_STRINGS = NO;
				SWIFT_VERSION = 5.0;
				TARGETED_DEVICE_FAMILY = "1,2";
				TEST_TARGET_NAME = mapApp;
			};
			name = Debug;
		};
		A2E2E41D28D0F9B1004CCABC /* Release */ = {
			isa = XCBuildConfiguration;
			buildSettings = {
				ALWAYS_EMBED_SWIFT_STANDARD_LIBRARIES = YES;
				CODE_SIGN_STYLE = Automatic;
				CURRENT_PROJECT_VERSION = 1;
				GENERATE_INFOPLIST_FILE = YES;
				MARKETING_VERSION = 1.0;
				PRODUCT_BUNDLE_IDENTIFIER = Individual.mapAppUITests;
				PRODUCT_NAME = "$(TARGET_NAME)";
				SWIFT_EMIT_LOC_STRINGS = NO;
				SWIFT_VERSION = 5.0;
				TARGETED_DEVICE_FAMILY = "1,2";
				TEST_TARGET_NAME = mapApp;
			};
			name = Release;
		};
/* End XCBuildConfiguration section */

/* Begin XCConfigurationList section */
		A2E2E3EC28D0F9AF004CCABC /* Build configuration list for PBXProject "mapApp" */ = {
			isa = XCConfigurationList;
			buildConfigurations = (
				A2E2E41328D0F9B1004CCABC /* Debug */,
				A2E2E41428D0F9B1004CCABC /* Release */,
			);
			defaultConfigurationIsVisible = 0;
			defaultConfigurationName = Release;
		};
		A2E2E41528D0F9B1004CCABC /* Build configuration list for PBXNativeTarget "mapApp" */ = {
			isa = XCConfigurationList;
			buildConfigurations = (
				A2E2E41628D0F9B1004CCABC /* Debug */,
				A2E2E41728D0F9B1004CCABC /* Release */,
			);
			defaultConfigurationIsVisible = 0;
			defaultConfigurationName = Release;
		};
		A2E2E41828D0F9B1004CCABC /* Build configuration list for PBXNativeTarget "mapAppTests" */ = {
			isa = XCConfigurationList;
			buildConfigurations = (
				A2E2E41928D0F9B1004CCABC /* Debug */,
				A2E2E41A28D0F9B1004CCABC /* Release */,
			);
			defaultConfigurationIsVisible = 0;
			defaultConfigurationName = Release;
		};
		A2E2E41B28D0F9B1004CCABC /* Build configuration list for PBXNativeTarget "mapAppUITests" */ = {
			isa = XCConfigurationList;
			buildConfigurations = (
				A2E2E41C28D0F9B1004CCABC /* Debug */,
				A2E2E41D28D0F9B1004CCABC /* Release */,
			);
			defaultConfigurationIsVisible = 0;
			defaultConfigurationName = Release;
		};
/* End XCConfigurationList section */
	};
	rootObject = A2E2E3E928D0F9AF004CCABC /* Project object */;
}
